
Microsoft Visual Studio Solution File, Format Version 12.00
# Visual Studio Version 17
VisualStudioVersion = 17.5.33530.505
MinimumVisualStudioVersion = 10.0.40219.1
Project("{FAE04EC0-301F-11D3-BF4B-00C04F79EFBC}") = "TpSIM", "TpSIM\TpSIM.csproj", "{7B4FACD9-6F28-4829-AB25-4A302AD12B8B}"
EndProject
Global
	GlobalSection(SolutionConfigurationPlatforms) = preSolution
		Debug|Any CPU = Debug|Any CPU
		Release|Any CPU = Release|Any CPU
	EndGlobalSection
	GlobalSection(ProjectConfigurationPlatforms) = postSolution
		{7B4FACD9-6F28-4829-AB25-4A302AD12B8B}.Debug|Any CPU.ActiveCfg = Debug|Any CPU
		{7B4FACD9-6F28-4829-AB25-4A302AD12B8B}.Debug|Any CPU.Build.0 = Debug|Any CPU
		{7B4FACD9-6F28-4829-AB25-4A302AD12B8B}.Release|Any CPU.ActiveCfg = Release|Any CPU
		{7B4FACD9-6F28-4829-AB25-4A302AD12B8B}.Release|Any CPU.Build.0 = Release|Any CPU
	EndGlobalSection
	GlobalSection(SolutionProperties) = preSolution
		HideSolutionNode = FALSE
	EndGlobalSection
	GlobalSection(ExtensibilityGlobals) = postSolution
		SolutionGuid = {44766772-99CB-4B23-8506-40A43E3201B9}
	EndGlobalSection
EndGlobal
